
Microsoft Visual Studio Solution File, Format Version 12.00
# Visual Studio Version 17
VisualStudioVersion = 17.2.32516.85
MinimumVisualStudioVersion = 10.0.40219.1
Project("{9A19103F-16F7-4668-BE54-9A1E7A4F7556}") = "Exceptions", "Exceptions\Exceptions.csproj", "{1152E4CF-90E4-4094-9629-5BEBB7899266}"
EndProject
Project("{9A19103F-16F7-4668-BE54-9A1E7A4F7556}") = "ExceptionExercise", "ExceptionExercise\ExceptionExercise.csproj", "{660D80E3-D602-42EB-9384-3CCCCF44135C}"
EndProject
Project("{FAE04EC0-301F-11D3-BF4B-00C04F79EFBC}") = "ExceptionExercise2", "ExceptionExercise2\ExceptionExercise2.csproj", "{FD3FCCB4-4179-4A55-8A9F-D77DB07CCD1D}"
EndProject
Global
	GlobalSection(SolutionConfigurationPlatforms) = preSolution
		Debug|Any CPU = Debug|Any CPU
		Release|Any CPU = Release|Any CPU
	EndGlobalSection
	GlobalSection(ProjectConfigurationPlatforms) = postSolution
		{1152E4CF-90E4-4094-9629-5BEBB7899266}.Debug|Any CPU.ActiveCfg = Debug|Any CPU
		{1152E4CF-90E4-4094-9629-5BEBB7899266}.Debug|Any CPU.Build.0 = Debug|Any CPU
		{1152E4CF-90E4-4094-9629-5BEBB7899266}.Release|Any CPU.ActiveCfg = Release|Any CPU
		{1152E4CF-90E4-4094-9629-5BEBB7899266}.Release|Any CPU.Build.0 = Release|Any CPU
		{660D80E3-D602-42EB-9384-3CCCCF44135C}.Debug|Any CPU.ActiveCfg = Debug|Any CPU
		{660D80E3-D602-42EB-9384-3CCCCF44135C}.Debug|Any CPU.Build.0 = Debug|Any CPU
		{660D80E3-D602-42EB-9384-3CCCCF44135C}.Release|Any CPU.ActiveCfg = Release|Any CPU
		{660D80E3-D602-42EB-9384-3CCCCF44135C}.Release|Any CPU.Build.0 = Release|Any CPU
		{FD3FCCB4-4179-4A55-8A9F-D77DB07CCD1D}.Debug|Any CPU.ActiveCfg = Debug|Any CPU
		{FD3FCCB4-4179-4A55-8A9F-D77DB07CCD1D}.Debug|Any CPU.Build.0 = Debug|Any CPU
		{FD3FCCB4-4179-4A55-8A9F-D77DB07CCD1D}.Release|Any CPU.ActiveCfg = Release|Any CPU
		{FD3FCCB4-4179-4A55-8A9F-D77DB07CCD1D}.Release|Any CPU.Build.0 = Release|Any CPU
	EndGlobalSection
	GlobalSection(SolutionProperties) = preSolution
		HideSolutionNode = FALSE
	EndGlobalSection
	GlobalSection(ExtensibilityGlobals) = postSolution
		SolutionGuid = {14FB308E-A617-4942-9D25-F70BB0ADF343}
	EndGlobalSection
EndGlobal
